
Microsoft Visual Studio Solution File, Format Version 12.00
# Visual Studio Version 17
VisualStudioVersion = 17.1.32328.378
MinimumVisualStudioVersion = 10.0.40219.1
Project("{8BC9CEB8-8B4A-11D0-8D11-00A0C91BC942}") = "PM1", "PM1.vcxproj", "{BD133B86-D4E9-4D62-9B57-C50559D61FAF}"
EndProject
Global
	GlobalSection(SolutionConfigurationPlatforms) = preSolution
		Debug|x64 = Debug|x64
		Debug|x86 = Debug|x86
		Release|x64 = Release|x64
		Release|x86 = Release|x86
	EndGlobalSection
	GlobalSection(ProjectConfigurationPlatforms) = postSolution
		{BD133B86-D4E9-4D62-9B57-C50559D61FAF}.Debug|x64.ActiveCfg = Debug|x64
		{BD133B86-D4E9-4D62-9B57-C50559D61FAF}.Debug|x64.Build.0 = Debug|x64
		{BD133B86-D4E9-4D62-9B57-C50559D61FAF}.Debug|x86.ActiveCfg = Debug|Win32
		{BD133B86-D4E9-4D62-9B57-C50559D61FAF}.Debug|x86.Build.0 = Debug|Win32
		{BD133B86-D4E9-4D62-9B57-C50559D61FAF}.Release|x64.ActiveCfg = Release|x64
		{BD133B86-D4E9-4D62-9B57-C50559D61FAF}.Release|x64.Build.0 = Release|x64
		{BD133B86-D4E9-4D62-9B57-C50559D61FAF}.Release|x86.ActiveCfg = Release|Win32
		{BD133B86-D4E9-4D62-9B57-C50559D61FAF}.Release|x86.Build.0 = Release|Win32
	EndGlobalSection
	GlobalSection(SolutionProperties) = preSolution
		HideSolutionNode = FALSE
	EndGlobalSection
	GlobalSection(ExtensibilityGlobals) = postSolution
		SolutionGuid = {81399666-A971-4E48-A002-6BF10BBA8808}
	EndGlobalSection
EndGlobal
